
Microsoft Visual Studio Solution File, Format Version 12.00
# Visual Studio 15
VisualStudioVersion = 15.0.28307.136
MinimumVisualStudioVersion = 10.0.40219.1
Project("{9A19103F-16F7-4668-BE54-9A1E7A4F7556}") = "Medicoweb.Web", "src\Medicoweb.Web\Medicoweb.Web.csproj", "{769DF642-6A62-471E-BE94-368964F43617}"
EndProject
Project("{9A19103F-16F7-4668-BE54-9A1E7A4F7556}") = "Medicoweb.Data", "src\Medicoweb.Data\Medicoweb.Data.csproj", "{3B4CE11E-5846-4F0B-8E05-4DFCE3802384}"
EndProject
Project("{9A19103F-16F7-4668-BE54-9A1E7A4F7556}") = "Medicoweb.Common", "src\Medicoweb.Common\Medicoweb.Common.csproj", "{5E3975E6-86E6-4AA3-8DC4-9838B0897C79}"
EndProject
Project("{9A19103F-16F7-4668-BE54-9A1E7A4F7556}") = "Medicoweb.Account", "src\Medicoweb.Account\Medicoweb.Account.csproj", "{13CB11DB-5CF8-4149-AB6E-6C3040C75A67}"
EndProject
Project("{9A19103F-16F7-4668-BE54-9A1E7A4F7556}") = "Medicoweb.Hospital", "src\Medicoweb.Hospital\Medicoweb.Hospital.csproj", "{238EC279-0F65-456A-B833-8DA260E43426}"
EndProject
Project("{9A19103F-16F7-4668-BE54-9A1E7A4F7556}") = "Medicoweb.Visit", "src\Medicoweb.Visit\Medicoweb.Visit.csproj", "{525CD529-80BA-489A-AE56-8E7CABDC78EC}"
EndProject
Project("{9A19103F-16F7-4668-BE54-9A1E7A4F7556}") = "Medicoweb.Drug", "src\Medicoweb.Drug\Medicoweb.Drug.csproj", "{6D674C42-1F23-4C4A-BBC3-F3F9CC0DDDE9}"
EndProject
Project("{FAE04EC0-301F-11D3-BF4B-00C04F79EFBC}") = "Medicoweb.Pharmacy", "src\Medicoweb.Pharmacy\Medicoweb.Pharmacy.csproj", "{EBA15BD7-962D-4D43-BB93-2A0960D9C31F}"
EndProject
Global
	GlobalSection(SolutionConfigurationPlatforms) = preSolution
		Debug|Any CPU = Debug|Any CPU
		Release|Any CPU = Release|Any CPU
	EndGlobalSection
	GlobalSection(ProjectConfigurationPlatforms) = postSolution
		{769DF642-6A62-471E-BE94-368964F43617}.Debug|Any CPU.ActiveCfg = Debug|Any CPU
		{769DF642-6A62-471E-BE94-368964F43617}.Debug|Any CPU.Build.0 = Debug|Any CPU
		{769DF642-6A62-471E-BE94-368964F43617}.Release|Any CPU.ActiveCfg = Release|Any CPU
		{769DF642-6A62-471E-BE94-368964F43617}.Release|Any CPU.Build.0 = Release|Any CPU
		{3B4CE11E-5846-4F0B-8E05-4DFCE3802384}.Debug|Any CPU.ActiveCfg = Debug|Any CPU
		{3B4CE11E-5846-4F0B-8E05-4DFCE3802384}.Debug|Any CPU.Build.0 = Debug|Any CPU
		{3B4CE11E-5846-4F0B-8E05-4DFCE3802384}.Release|Any CPU.ActiveCfg = Release|Any CPU
		{3B4CE11E-5846-4F0B-8E05-4DFCE3802384}.Release|Any CPU.Build.0 = Release|Any CPU
		{5E3975E6-86E6-4AA3-8DC4-9838B0897C79}.Debug|Any CPU.ActiveCfg = Debug|Any CPU
		{5E3975E6-86E6-4AA3-8DC4-9838B0897C79}.Debug|Any CPU.Build.0 = Debug|Any CPU
		{5E3975E6-86E6-4AA3-8DC4-9838B0897C79}.Release|Any CPU.ActiveCfg = Release|Any CPU
		{5E3975E6-86E6-4AA3-8DC4-9838B0897C79}.Release|Any CPU.Build.0 = Release|Any CPU
		{13CB11DB-5CF8-4149-AB6E-6C3040C75A67}.Debug|Any CPU.ActiveCfg = Debug|Any CPU
		{13CB11DB-5CF8-4149-AB6E-6C3040C75A67}.Debug|Any CPU.Build.0 = Debug|Any CPU
		{13CB11DB-5CF8-4149-AB6E-6C3040C75A67}.Release|Any CPU.ActiveCfg = Release|Any CPU
		{13CB11DB-5CF8-4149-AB6E-6C3040C75A67}.Release|Any CPU.Build.0 = Release|Any CPU
		{238EC279-0F65-456A-B833-8DA260E43426}.Debug|Any CPU.ActiveCfg = Debug|Any CPU
		{238EC279-0F65-456A-B833-8DA260E43426}.Debug|Any CPU.Build.0 = Debug|Any CPU
		{238EC279-0F65-456A-B833-8DA260E43426}.Release|Any CPU.ActiveCfg = Release|Any CPU
		{238EC279-0F65-456A-B833-8DA260E43426}.Release|Any CPU.Build.0 = Release|Any CPU
		{525CD529-80BA-489A-AE56-8E7CABDC78EC}.Debug|Any CPU.ActiveCfg = Debug|Any CPU
		{525CD529-80BA-489A-AE56-8E7CABDC78EC}.Debug|Any CPU.Build.0 = Debug|Any CPU
		{525CD529-80BA-489A-AE56-8E7CABDC78EC}.Release|Any CPU.ActiveCfg = Release|Any CPU
		{525CD529-80BA-489A-AE56-8E7CABDC78EC}.Release|Any CPU.Build.0 = Release|Any CPU
		{6D674C42-1F23-4C4A-BBC3-F3F9CC0DDDE9}.Debug|Any CPU.ActiveCfg = Debug|Any CPU
		{6D674C42-1F23-4C4A-BBC3-F3F9CC0DDDE9}.Debug|Any CPU.Build.0 = Debug|Any CPU
		{6D674C42-1F23-4C4A-BBC3-F3F9CC0DDDE9}.Release|Any CPU.ActiveCfg = Release|Any CPU
		{6D674C42-1F23-4C4A-BBC3-F3F9CC0DDDE9}.Release|Any CPU.Build.0 = Release|Any CPU
		{EBA15BD7-962D-4D43-BB93-2A0960D9C31F}.Debug|Any CPU.ActiveCfg = Debug|Any CPU
		{EBA15BD7-962D-4D43-BB93-2A0960D9C31F}.Debug|Any CPU.Build.0 = Debug|Any CPU
		{EBA15BD7-962D-4D43-BB93-2A0960D9C31F}.Release|Any CPU.ActiveCfg = Release|Any CPU
		{EBA15BD7-962D-4D43-BB93-2A0960D9C31F}.Release|Any CPU.Build.0 = Release|Any CPU
	EndGlobalSection
	GlobalSection(SolutionProperties) = preSolution
		HideSolutionNode = FALSE
	EndGlobalSection
	GlobalSection(ExtensibilityGlobals) = postSolution
		SolutionGuid = {9509899C-DE77-4B60-A3FA-64B8FABB39DE}
	EndGlobalSection
EndGlobal
