
Microsoft Visual Studio Solution File, Format Version 12.00
# Visual Studio 15
VisualStudioVersion = 15.0.28307.136
MinimumVisualStudioVersion = 10.0.40219.1
Project("{9A19103F-16F7-4668-BE54-9A1E7A4F7556}") = "SBD.WEB", "src\SBD.WEB\SBD.WEB.csproj", "{769DF642-6A62-471E-BE94-368964F43617}"
EndProject
Project("{9A19103F-16F7-4668-BE54-9A1E7A4F7556}") = "SBD.DATA", "src\SBD.DATA\SBD.DATA.csproj", "{3B4CE11E-5846-4F0B-8E05-4DFCE3802384}"
EndProject
Project("{9A19103F-16F7-4668-BE54-9A1E7A4F7556}") = "SBD.COMMON", "src\SBD.COMMON\SBD.COMMON.csproj", "{5E3975E6-86E6-4AA3-8DC4-9838B0897C79}"
EndProject
Project("{9A19103F-16F7-4668-BE54-9A1E7A4F7556}") = "SBD.PRESCRIPTION", "src\SBD.PRESCRIPTION\SBD.PRESCRIPTION.csproj", "{6FE468A6-93F9-4B56-ABA8-ACD35C0A35C4}"
EndProject
Project("{9A19103F-16F7-4668-BE54-9A1E7A4F7556}") = "SBD.USER", "src\SBD.USER\SBD.USER.csproj", "{13CB11DB-5CF8-4149-AB6E-6C3040C75A67}"
EndProject
Project("{9A19103F-16F7-4668-BE54-9A1E7A4F7556}") = "SBD.HOSPITAL", "src\SBD.HOSPITAL\SBD.HOSPITAL.csproj", "{238EC279-0F65-456A-B833-8DA260E43426}"
EndProject
Global
	GlobalSection(SolutionConfigurationPlatforms) = preSolution
		Debug|Any CPU = Debug|Any CPU
		Release|Any CPU = Release|Any CPU
	EndGlobalSection
	GlobalSection(ProjectConfigurationPlatforms) = postSolution
		{769DF642-6A62-471E-BE94-368964F43617}.Debug|Any CPU.ActiveCfg = Debug|Any CPU
		{769DF642-6A62-471E-BE94-368964F43617}.Debug|Any CPU.Build.0 = Debug|Any CPU
		{769DF642-6A62-471E-BE94-368964F43617}.Release|Any CPU.ActiveCfg = Release|Any CPU
		{769DF642-6A62-471E-BE94-368964F43617}.Release|Any CPU.Build.0 = Release|Any CPU
		{3B4CE11E-5846-4F0B-8E05-4DFCE3802384}.Debug|Any CPU.ActiveCfg = Debug|Any CPU
		{3B4CE11E-5846-4F0B-8E05-4DFCE3802384}.Debug|Any CPU.Build.0 = Debug|Any CPU
		{3B4CE11E-5846-4F0B-8E05-4DFCE3802384}.Release|Any CPU.ActiveCfg = Release|Any CPU
		{3B4CE11E-5846-4F0B-8E05-4DFCE3802384}.Release|Any CPU.Build.0 = Release|Any CPU
		{5E3975E6-86E6-4AA3-8DC4-9838B0897C79}.Debug|Any CPU.ActiveCfg = Debug|Any CPU
		{5E3975E6-86E6-4AA3-8DC4-9838B0897C79}.Debug|Any CPU.Build.0 = Debug|Any CPU
		{5E3975E6-86E6-4AA3-8DC4-9838B0897C79}.Release|Any CPU.ActiveCfg = Release|Any CPU
		{5E3975E6-86E6-4AA3-8DC4-9838B0897C79}.Release|Any CPU.Build.0 = Release|Any CPU
		{6FE468A6-93F9-4B56-ABA8-ACD35C0A35C4}.Debug|Any CPU.ActiveCfg = Debug|Any CPU
		{6FE468A6-93F9-4B56-ABA8-ACD35C0A35C4}.Debug|Any CPU.Build.0 = Debug|Any CPU
		{6FE468A6-93F9-4B56-ABA8-ACD35C0A35C4}.Release|Any CPU.ActiveCfg = Release|Any CPU
		{6FE468A6-93F9-4B56-ABA8-ACD35C0A35C4}.Release|Any CPU.Build.0 = Release|Any CPU
		{13CB11DB-5CF8-4149-AB6E-6C3040C75A67}.Debug|Any CPU.ActiveCfg = Debug|Any CPU
		{13CB11DB-5CF8-4149-AB6E-6C3040C75A67}.Debug|Any CPU.Build.0 = Debug|Any CPU
		{13CB11DB-5CF8-4149-AB6E-6C3040C75A67}.Release|Any CPU.ActiveCfg = Release|Any CPU
		{13CB11DB-5CF8-4149-AB6E-6C3040C75A67}.Release|Any CPU.Build.0 = Release|Any CPU
		{238EC279-0F65-456A-B833-8DA260E43426}.Debug|Any CPU.ActiveCfg = Debug|Any CPU
		{238EC279-0F65-456A-B833-8DA260E43426}.Debug|Any CPU.Build.0 = Debug|Any CPU
		{238EC279-0F65-456A-B833-8DA260E43426}.Release|Any CPU.ActiveCfg = Release|Any CPU
		{238EC279-0F65-456A-B833-8DA260E43426}.Release|Any CPU.Build.0 = Release|Any CPU
	EndGlobalSection
	GlobalSection(SolutionProperties) = preSolution
		HideSolutionNode = FALSE
	EndGlobalSection
	GlobalSection(ExtensibilityGlobals) = postSolution
		SolutionGuid = {9509899C-DE77-4B60-A3FA-64B8FABB39DE}
	EndGlobalSection
EndGlobal
